
Microsoft Visual Studio Solution File, Format Version 12.00
# Visual Studio Version 17
VisualStudioVersion = 17.6.33815.320
MinimumVisualStudioVersion = 10.0.40219.1
Project("{FAE04EC0-301F-11D3-BF4B-00C04F79EFBC}") = "CollectionDemo", "CollectionDemo.csproj", "{04C3030B-4379-41A8-9034-3C69D03F9E2C}"
EndProject
Global
	GlobalSection(SolutionConfigurationPlatforms) = preSolution
		Debug|Any CPU = Debug|Any CPU
		Release|Any CPU = Release|Any CPU
	EndGlobalSection
	GlobalSection(ProjectConfigurationPlatforms) = postSolution
		{04C3030B-4379-41A8-9034-3C69D03F9E2C}.Debug|Any CPU.ActiveCfg = Debug|Any CPU
		{04C3030B-4379-41A8-9034-3C69D03F9E2C}.Debug|Any CPU.Build.0 = Debug|Any CPU
		{04C3030B-4379-41A8-9034-3C69D03F9E2C}.Release|Any CPU.ActiveCfg = Release|Any CPU
		{04C3030B-4379-41A8-9034-3C69D03F9E2C}.Release|Any CPU.Build.0 = Release|Any CPU
	EndGlobalSection
	GlobalSection(SolutionProperties) = preSolution
		HideSolutionNode = FALSE
	EndGlobalSection
	GlobalSection(ExtensibilityGlobals) = postSolution
		SolutionGuid = {50F257FA-5A07-4811-BED6-BABA2A824D74}
	EndGlobalSection
EndGlobal
