
Microsoft Visual Studio Solution File, Format Version 12.00
# Visual Studio Version 17
VisualStudioVersion = 17.6.33815.320
MinimumVisualStudioVersion = 10.0.40219.1
Project("{FAE04EC0-301F-11D3-BF4B-00C04F79EFBC}") = "LambdaDemo", "LambdaDemo.csproj", "{235DA6DF-E681-4D93-B5CB-EA2374F0F3C7}"
EndProject
Global
	GlobalSection(SolutionConfigurationPlatforms) = preSolution
		Debug|Any CPU = Debug|Any CPU
		Release|Any CPU = Release|Any CPU
	EndGlobalSection
	GlobalSection(ProjectConfigurationPlatforms) = postSolution
		{235DA6DF-E681-4D93-B5CB-EA2374F0F3C7}.Debug|Any CPU.ActiveCfg = Debug|Any CPU
		{235DA6DF-E681-4D93-B5CB-EA2374F0F3C7}.Debug|Any CPU.Build.0 = Debug|Any CPU
		{235DA6DF-E681-4D93-B5CB-EA2374F0F3C7}.Release|Any CPU.ActiveCfg = Release|Any CPU
		{235DA6DF-E681-4D93-B5CB-EA2374F0F3C7}.Release|Any CPU.Build.0 = Release|Any CPU
	EndGlobalSection
	GlobalSection(SolutionProperties) = preSolution
		HideSolutionNode = FALSE
	EndGlobalSection
	GlobalSection(ExtensibilityGlobals) = postSolution
		SolutionGuid = {E54058B6-36BD-4E4C-99E0-BE1B2F56CA39}
	EndGlobalSection
EndGlobal
