
Microsoft Visual Studio Solution File, Format Version 12.00
# Visual Studio Version 17
VisualStudioVersion = 17.6.33815.320
MinimumVisualStudioVersion = 10.0.40219.1
Project("{FAE04EC0-301F-11D3-BF4B-00C04F79EFBC}") = "FileStreamDemo", "FileStreamDemo.csproj", "{370ABDF3-EC66-492C-8A4C-B9176D941DAE}"
EndProject
Global
	GlobalSection(SolutionConfigurationPlatforms) = preSolution
		Debug|Any CPU = Debug|Any CPU
		Release|Any CPU = Release|Any CPU
	EndGlobalSection
	GlobalSection(ProjectConfigurationPlatforms) = postSolution
		{370ABDF3-EC66-492C-8A4C-B9176D941DAE}.Debug|Any CPU.ActiveCfg = Debug|Any CPU
		{370ABDF3-EC66-492C-8A4C-B9176D941DAE}.Debug|Any CPU.Build.0 = Debug|Any CPU
		{370ABDF3-EC66-492C-8A4C-B9176D941DAE}.Release|Any CPU.ActiveCfg = Release|Any CPU
		{370ABDF3-EC66-492C-8A4C-B9176D941DAE}.Release|Any CPU.Build.0 = Release|Any CPU
	EndGlobalSection
	GlobalSection(SolutionProperties) = preSolution
		HideSolutionNode = FALSE
	EndGlobalSection
	GlobalSection(ExtensibilityGlobals) = postSolution
		SolutionGuid = {A61F1719-25FA-42D5-A8D4-A909E400A784}
	EndGlobalSection
EndGlobal
