
Microsoft Visual Studio Solution File, Format Version 12.00
# Visual Studio Version 17
VisualStudioVersion = 17.6.33815.320
MinimumVisualStudioVersion = 10.0.40219.1
Project("{FAE04EC0-301F-11D3-BF4B-00C04F79EFBC}") = "StudentFeesStructure", "StudentFeesStructure.csproj", "{8CA60449-F805-4FDB-8668-130C5A9E3834}"
EndProject
Global
	GlobalSection(SolutionConfigurationPlatforms) = preSolution
		Debug|Any CPU = Debug|Any CPU
		Release|Any CPU = Release|Any CPU
	EndGlobalSection
	GlobalSection(ProjectConfigurationPlatforms) = postSolution
		{8CA60449-F805-4FDB-8668-130C5A9E3834}.Debug|Any CPU.ActiveCfg = Debug|Any CPU
		{8CA60449-F805-4FDB-8668-130C5A9E3834}.Debug|Any CPU.Build.0 = Debug|Any CPU
		{8CA60449-F805-4FDB-8668-130C5A9E3834}.Release|Any CPU.ActiveCfg = Release|Any CPU
		{8CA60449-F805-4FDB-8668-130C5A9E3834}.Release|Any CPU.Build.0 = Release|Any CPU
	EndGlobalSection
	GlobalSection(SolutionProperties) = preSolution
		HideSolutionNode = FALSE
	EndGlobalSection
	GlobalSection(ExtensibilityGlobals) = postSolution
		SolutionGuid = {7C4675B2-38E8-4A39-9AC1-EAB5C2806120}
	EndGlobalSection
EndGlobal
