
Microsoft Visual Studio Solution File, Format Version 12.00
# Visual Studio Version 17
VisualStudioVersion = 17.6.33815.320
MinimumVisualStudioVersion = 10.0.40219.1
Project("{FAE04EC0-301F-11D3-BF4B-00C04F79EFBC}") = "Session3", "Session3.csproj", "{A6A50AF3-300A-4373-B8B7-8793E9D57D35}"
EndProject
Global
	GlobalSection(SolutionConfigurationPlatforms) = preSolution
		Debug|Any CPU = Debug|Any CPU
		Release|Any CPU = Release|Any CPU
	EndGlobalSection
	GlobalSection(ProjectConfigurationPlatforms) = postSolution
		{A6A50AF3-300A-4373-B8B7-8793E9D57D35}.Debug|Any CPU.ActiveCfg = Debug|Any CPU
		{A6A50AF3-300A-4373-B8B7-8793E9D57D35}.Debug|Any CPU.Build.0 = Debug|Any CPU
		{A6A50AF3-300A-4373-B8B7-8793E9D57D35}.Release|Any CPU.ActiveCfg = Release|Any CPU
		{A6A50AF3-300A-4373-B8B7-8793E9D57D35}.Release|Any CPU.Build.0 = Release|Any CPU
	EndGlobalSection
	GlobalSection(SolutionProperties) = preSolution
		HideSolutionNode = FALSE
	EndGlobalSection
	GlobalSection(ExtensibilityGlobals) = postSolution
		SolutionGuid = {4699F7D7-97E2-4D8B-9E96-CA3AB36AEE7F}
	EndGlobalSection
EndGlobal
