
Microsoft Visual Studio Solution File, Format Version 12.00
# Visual Studio Version 17
VisualStudioVersion = 17.6.33815.320
MinimumVisualStudioVersion = 10.0.40219.1
Project("{FAE04EC0-301F-11D3-BF4B-00C04F79EFBC}") = "VarDyamicDemo", "VarDyamicDemo.csproj", "{678DAD65-BA07-452E-B9B0-479F0F210CAB}"
EndProject
Global
	GlobalSection(SolutionConfigurationPlatforms) = preSolution
		Debug|Any CPU = Debug|Any CPU
		Release|Any CPU = Release|Any CPU
	EndGlobalSection
	GlobalSection(ProjectConfigurationPlatforms) = postSolution
		{678DAD65-BA07-452E-B9B0-479F0F210CAB}.Debug|Any CPU.ActiveCfg = Debug|Any CPU
		{678DAD65-BA07-452E-B9B0-479F0F210CAB}.Debug|Any CPU.Build.0 = Debug|Any CPU
		{678DAD65-BA07-452E-B9B0-479F0F210CAB}.Release|Any CPU.ActiveCfg = Release|Any CPU
		{678DAD65-BA07-452E-B9B0-479F0F210CAB}.Release|Any CPU.Build.0 = Release|Any CPU
	EndGlobalSection
	GlobalSection(SolutionProperties) = preSolution
		HideSolutionNode = FALSE
	EndGlobalSection
	GlobalSection(ExtensibilityGlobals) = postSolution
		SolutionGuid = {CCB7BD0C-2971-405B-9BC1-4D9C290427E4}
	EndGlobalSection
EndGlobal
